# Generated by pub
# See http://pub.dartlang.org/doc/glossary.html#lockfile

{"packages":{"js":{"version":"0.0.20","source":"hosted","description":"js"},"bot":{"version":"0.20.0","source":"hosted","description":"bot"},"bot_web":{"version":"0.20.0","source":"hosted","description":"bot_web"},"hop":{"version":"0.21.0","source":"hosted","description":"hop"},"browser":{"version":"0.4.7+1","source":"hosted","description":"browser"},"meta":{"version":"0.4.7+1","source":"hosted","description":"meta"},"pathos":{"version":"0.4.7+1","source":"hosted","description":"pathos"},"unittest":{"version":"0.4.7+1","source":"hosted","description":"unittest"},"logging":{"version":"0.4.7+1","source":"hosted","description":"logging"},"bot_io":{"version":"0.20.0","source":"hosted","description":"bot_io"},"args":{"version":"0.4.7+1","source":"hosted","description":"args"}}}
