{"packages":{"unittest":{"version":"0.0.0-r.14649","source":"sdk","description":"unittest"},"js":{"version":"0.0.9","source":"hosted","description":"js"},"bot":{"version":"0.5.0","source":"git","description":{"url":"https://github.com/kevmoo/bot.dart.git","ref":"master","resolved-ref":"4874e01c2e11cf8d9d5790403205f2b710935968"}},"hop":{"version":"0.2.0","source":"git","description":{"url":"https://github.com/kevmoo/hop.dart.git","ref":"master","resolved-ref":"acce69514799c35d46b225073dd0bd06cde97907"}},"args":{"version":"0.0.0-r.14649","source":"sdk","description":"args"}}}