# Generated by pub
# See http://pub.dartlang.org/doc/glossary.html#lockfile
packages:
  args:
    description: args
    source: hosted
    version: "0.6.2"
  bot:
    description: bot
    source: hosted
    version: "0.22.0"
  bot_io:
    description: bot_io
    source: hosted
    version: "0.21.2"
  bot_web:
    description: bot_web
    source: hosted
    version: "0.20.1"
  browser:
    description: browser
    source: hosted
    version: "0.6.2"
  crypto:
    description: crypto
    source: hosted
    version: "0.6.2"
  hop:
    description: hop
    source: hosted
    version: "0.22.2"
  js:
    description: js
    source: hosted
    version: "0.0.23"
  logging:
    description: logging
    source: hosted
    version: "0.6.2"
  meta:
    description: meta
    source: hosted
    version: "0.6.2"
  pathos:
    description: pathos
    source: hosted
    version: "0.6.2"
  unittest:
    description: unittest
    source: hosted
    version: "0.6.2"
